{
  "version": 1,
  "dependencies": {
    ".NETnanoFramework,Version=v1.0": {
      "nanoFramework.CoreLibrary": {
        "type": "Direct",
        "requested": "[1.15.5, 1.15.5]",
        "resolved": "1.15.5",
        "contentHash": "u2+GvAp1uxLrGdILACAZy+EVKOs28EQ52j8Lz7599egXZ3GBGejjnR2ofhjMQwzrJLlgtyrsx8nSLngDfJNsAg=="
      },
      "nanoFramework.TestFramework": {
        "type": "Direct",
        "requested": "[3.0.44, 3.0.44]",
        "resolved": "3.0.44",
        "contentHash": "YfbcHYwOwQ9Gn2l2c8juRZ3MpKXftAQxBz/dSKCFtMefH22kg34EyZ1j5Q61pjal1BuQbQmgFRnz8n3baH0B9Q=="
      }
    }
  }
}